<?xml version="1.0" encoding="utf-8"?>
<Project ToolsVersion="4.0" xmlns="http://schemas.microsoft.com/developer/msbuild/2003">
  <ItemGroup>
    <Filter Include="Source Files">
      <UniqueIdentifier>{4FC737F1-C7A5-4376-A066-2A32D752A2FF}</UniqueIdentifier>
      <Extensions>cpp;c;cc;cxx;def;odl;idl;hpj;bat;asm;asmx</Extensions>
    </Filter>
    <Filter Include="Header Files">
      <UniqueIdentifier>{93995380-89BD-4b04-88EB-625FBE52EBFB}</UniqueIdentifier>
      <Extensions>h;hh;hpp;hxx;hm;inl;inc;xsd</Extensions>
    </Filter>
    <Filter Include="Resource Files">
      <UniqueIdentifier>{67DA6AB6-F800-4c08-8B7A-83BB121AAD01}</UniqueIdentifier>
      <Extensions>rc;ico;cur;bmp;dlg;rc2;rct;bin;rgs;gif;jpg;jpeg;jpe;resx;tiff;tif;png;wav;mfcribbon-ms</Extensions>
    </Filter>
    <Filter Include="Hash-Lib">
      <UniqueIdentifier>{8a7bc9b4-c737-4bd1-806e-caddba6e0476}</UniqueIdentifier>
    </Filter>
  </ItemGroup>
  <ItemGroup>
    <ClCompile Include="Source\main.cpp">
      <Filter>Source Files</Filter>
    </ClCompile>
    <ClCompile Include="Source\hash-library-master\crc32.cpp">
      <Filter>Hash-Lib</Filter>
    </ClCompile>
    <ClCompile Include="Source\hash-library-master\keccak.cpp">
      <Filter>Hash-Lib</Filter>
    </ClCompile>
    <ClCompile Include="Source\hash-library-master\md5.cpp">
      <Filter>Hash-Lib</Filter>
    </ClCompile>
    <ClCompile Include="Source\hash-library-master\sha1.cpp">
      <Filter>Hash-Lib</Filter>
    </ClCompile>
    <ClCompile Include="Source\hash-library-master\sha3.cpp">
      <Filter>Hash-Lib</Filter>
    </ClCompile>
    <ClCompile Include="Source\hash-library-master\sha256.cpp">
      <Filter>Hash-Lib</Filter>
    </ClCompile>
  </ItemGroup>
  <ItemGroup>
    <ClInclude Include="Source\param.h">
      <Filter>Header Files</Filter>
    </ClInclude>
    <ClInclude Include="Source\hash-library-master\crc32.h">
      <Filter>Hash-Lib</Filter>
    </ClInclude>
    <ClInclude Include="Source\hash-library-master\hash.h">
      <Filter>Hash-Lib</Filter>
    </ClInclude>
    <ClInclude Include="Source\hash-library-master\hmac.h">
      <Filter>Hash-Lib</Filter>
    </ClInclude>
    <ClInclude Include="Source\hash-library-master\keccak.h">
      <Filter>Hash-Lib</Filter>
    </ClInclude>
    <ClInclude Include="Source\hash-library-master\md5.h">
      <Filter>Hash-Lib</Filter>
    </ClInclude>
    <ClInclude Include="Source\hash-library-master\sha1.h">
      <Filter>Hash-Lib</Filter>
    </ClInclude>
    <ClInclude Include="Source\hash-library-master\sha3.h">
      <Filter>Hash-Lib</Filter>
    </ClInclude>
    <ClInclude Include="Source\hash-library-master\sha256.h">
      <Filter>Hash-Lib</Filter>
    </ClInclude>
  </ItemGroup>
  <ItemGroup>
    <None Include="Source\hash-library-master\LICENSE">
      <Filter>Hash-Lib</Filter>
    </None>
    <None Include="Source\hash-library-master\readme.md">
      <Filter>Hash-Lib</Filter>
    </None>
  </ItemGroup>
  <ItemGroup>
    <Text Include="Source\access-codes.txt">
      <Filter>Resource Files</Filter>
    </Text>
    <Text Include="Source\svc-codes.txt">
      <Filter>Resource Files</Filter>
    </Text>
  </ItemGroup>
</Project>